// !$*UTF8*$!
{
	archiveVersion = 1;
	classes = {
	};
	objectVersion = 50;
	objects = {

/* Begin PBXBuildFile section */
		A22439C721D427F7009F26B3 /* AppDelegate.swift in Sources */ = {isa = PBXBuildFile; fileRef = A22439C621D427F7009F26B3 /* AppDelegate.swift */; };
		A22439C921D427F7009F26B3 /* ViewController.swift in Sources */ = {isa = PBXBuildFile; fileRef = A22439C821D427F7009F26B3 /* ViewController.swift */; };
		A22439CC21D427F7009F26B3 /* Main.storyboard in Resources */ = {isa = PBXBuildFile; fileRef = A22439CA21D427F7009F26B3 /* Main.storyboard */; };
		A22439CE21D427F8009F26B3 /* Assets.xcassets in Resources */ = {isa = PBXBuildFile; fileRef = A22439CD21D427F8009F26B3 /* Assets.xcassets */; };
		A22439D121D427F8009F26B3 /* LaunchScreen.storyboard in Resources */ = {isa = PBXBuildFile; fileRef = A22439CF21D427F8009F26B3 /* LaunchScreen.storyboard */; };
		A22439DC21D427F8009F26B3 /* SetTests.swift in Sources */ = {isa = PBXBuildFile; fileRef = A22439DB21D427F8009F26B3 /* SetTests.swift */; };
		A22439E721D427F9009F26B3 /* SetUITests.swift in Sources */ = {isa = PBXBuildFile; fileRef = A22439E621D427F9009F26B3 /* SetUITests.swift */; };
		A22439F521D4433E009F26B3 /* Set.swift in Sources */ = {isa = PBXBuildFile; fileRef = A22439F421D4433E009F26B3 /* Set.swift */; };
		A22439F721D46F03009F26B3 /* Card.swift in Sources */ = {isa = PBXBuildFile; fileRef = A22439F621D46F03009F26B3 /* Card.swift */; };
/* End PBXBuildFile section */

/* Begin PBXContainerItemProxy section */
		A22439D821D427F8009F26B3 /* PBXContainerItemProxy */ = {
			isa = PBXContainerItemProxy;
			containerPortal = A22439BB21D427F7009F26B3 /* Project object */;
			proxyType = 1;
			remoteGlobalIDString = A22439C221D427F7009F26B3;
			remoteInfo = Set;
		};
		A22439E321D427F9009F26B3 /* PBXContainerItemProxy */ = {
			isa = PBXContainerItemProxy;
			containerPortal = A22439BB21D427F7009F26B3 /* Project object */;
			proxyType = 1;
			remoteGlobalIDString = A22439C221D427F7009F26B3;
			remoteInfo = Set;
		};
/* End PBXContainerItemProxy section */

/* Begin PBXFileReference section */
		A22439C321D427F7009F26B3 /* Set.app */ = {isa = PBXFileReference; explicitFileType = wrapper.application; includeInIndex = 0; path = Set.app; sourceTree = BUILT_PRODUCTS_DIR; };
		A22439C621D427F7009F26B3 /* AppDelegate.swift */ = {isa = PBXFileReference; lastKnownFileType = sourcecode.swift; path = AppDelegate.swift; sourceTree = "<group>"; };
		A22439C821D427F7009F26B3 /* ViewController.swift */ = {isa = PBXFileReference; lastKnownFileType = sourcecode.swift; path = ViewController.swift; sourceTree = "<group>"; };
		A22439CB21D427F7009F26B3 /* Base */ = {isa = PBXFileReference; lastKnownFileType = file.storyboard; name = Base; path = Base.lproj/Main.storyboard; sourceTree = "<group>"; };
		A22439CD21D427F8009F26B3 /* Assets.xcassets */ = {isa = PBXFileReference; lastKnownFileType = folder.assetcatalog; path = Assets.xcassets; sourceTree = "<group>"; };
		A22439D021D427F8009F26B3 /* Base */ = {isa = PBXFileReference; lastKnownFileType = file.storyboard; name = Base; path = Base.lproj/LaunchScreen.storyboard; sourceTree = "<group>"; };
		A22439D221D427F8009F26B3 /* Info.plist */ = {isa = PBXFileReference; lastKnownFileType = text.plist.xml; path = Info.plist; sourceTree = "<group>"; };
		A22439D721D427F8009F26B3 /* SetTests.xctest */ = {isa = PBXFileReference; explicitFileType = wrapper.cfbundle; includeInIndex = 0; path = SetTests.xctest; sourceTree = BUILT_PRODUCTS_DIR; };
		A22439DB21D427F8009F26B3 /* SetTests.swift */ = {isa = PBXFileReference; lastKnownFileType = sourcecode.swift; path = SetTests.swift; sourceTree = "<group>"; };
		A22439DD21D427F8009F26B3 /* Info.plist */ = {isa = PBXFileReference; lastKnownFileType = text.plist.xml; path = Info.plist; sourceTree = "<group>"; };
		A22439E221D427F9009F26B3 /* SetUITests.xctest */ = {isa = PBXFileReference; explicitFileType = wrapper.cfbundle; includeInIndex = 0; path = SetUITests.xctest; sourceTree = BUILT_PRODUCTS_DIR; };
		A22439E621D427F9009F26B3 /* SetUITests.swift */ = {isa = PBXFileReference; lastKnownFileType = sourcecode.swift; path = SetUITests.swift; sourceTree = "<group>"; };
		A22439E821D427F9009F26B3 /* Info.plist */ = {isa = PBXFileReference; lastKnownFileType = text.plist.xml; path = Info.plist; sourceTree = "<group>"; };
		A22439F421D4433E009F26B3 /* Set.swift */ = {isa = PBXFileReference; lastKnownFileType = sourcecode.swift; path = Set.swift; sourceTree = "<group>"; };
		A22439F621D46F03009F26B3 /* Card.swift */ = {isa = PBXFileReference; lastKnownFileType = sourcecode.swift; path = Card.swift; sourceTree = "<group>"; };
/* End PBXFileReference section */

/* Begin PBXFrameworksBuildPhase section */
		A22439C021D427F7009F26B3 /* Frameworks */ = {
			isa = PBXFrameworksBuildPhase;
			buildActionMask = 2147483647;
			files = (
			);
			runOnlyForDeploymentPostprocessing = 0;
		};
		A22439D421D427F8009F26B3 /* Frameworks */ = {
			isa = PBXFrameworksBuildPhase;
			buildActionMask = 2147483647;
			files = (
			);
			runOnlyForDeploymentPostprocessing = 0;
		};
		A22439DF21D427F8009F26B3 /* Frameworks */ = {
			isa = PBXFrameworksBuildPhase;
			buildActionMask = 2147483647;
			files = (
			);
			runOnlyForDeploymentPostprocessing = 0;
		};
/* End PBXFrameworksBuildPhase section */

/* Begin PBXGroup section */
		A22439BA21D427F7009F26B3 = {
			isa = PBXGroup;
			children = (
				A22439C521D427F7009F26B3 /* Set */,
				A22439DA21D427F8009F26B3 /* SetTests */,
				A22439E521D427F9009F26B3 /* SetUITests */,
				A22439C421D427F7009F26B3 /* Products */,
			);
			sourceTree = "<group>";
		};
		A22439C421D427F7009F26B3 /* Products */ = {
			isa = PBXGroup;
			children = (
				A22439C321D427F7009F26B3 /* Set.app */,
				A22439D721D427F8009F26B3 /* SetTests.xctest */,
				A22439E221D427F9009F26B3 /* SetUITests.xctest */,
			);
			name = Products;
			sourceTree = "<group>";
		};
		A22439C521D427F7009F26B3 /* Set */ = {
			isa = PBXGroup;
			children = (
				A22439C621D427F7009F26B3 /* AppDelegate.swift */,
				A22439C821D427F7009F26B3 /* ViewController.swift */,
				A22439CA21D427F7009F26B3 /* Main.storyboard */,
				A22439CD21D427F8009F26B3 /* Assets.xcassets */,
				A22439CF21D427F8009F26B3 /* LaunchScreen.storyboard */,
				A22439D221D427F8009F26B3 /* Info.plist */,
				A22439F421D4433E009F26B3 /* Set.swift */,
				A22439F621D46F03009F26B3 /* Card.swift */,
			);
			path = Set;
			sourceTree = "<group>";
		};
		A22439DA21D427F8009F26B3 /* SetTests */ = {
			isa = PBXGroup;
			children = (
				A22439DB21D427F8009F26B3 /* SetTests.swift */,
				A22439DD21D427F8009F26B3 /* Info.plist */,
			);
			path = SetTests;
			sourceTree = "<group>";
		};
		A22439E521D427F9009F26B3 /* SetUITests */ = {
			isa = PBXGroup;
			children = (
				A22439E621D427F9009F26B3 /* SetUITests.swift */,
				A22439E821D427F9009F26B3 /* Info.plist */,
			);
			path = SetUITests;
			sourceTree = "<group>";
		};
/* End PBXGroup section */

/* Begin PBXNativeTarget section */
		A22439C221D427F7009F26B3 /* Set */ = {
			isa = PBXNativeTarget;
			buildConfigurationList = A22439EB21D427F9009F26B3 /* Build configuration list for PBXNativeTarget "Set" */;
			buildPhases = (
				A22439BF21D427F7009F26B3 /* Sources */,
				A22439C021D427F7009F26B3 /* Frameworks */,
				A22439C121D427F7009F26B3 /* Resources */,
			);
			buildRules = (
			);
			dependencies = (
			);
			name = Set;
			productName = Set;
			productReference = A22439C321D427F7009F26B3 /* Set.app */;
			productType = "com.apple.product-type.application";
		};
		A22439D621D427F8009F26B3 /* SetTests */ = {
			isa = PBXNativeTarget;
			buildConfigurationList = A22439EE21D427F9009F26B3 /* Build configuration list for PBXNativeTarget "SetTests" */;
			buildPhases = (
				A22439D321D427F8009F26B3 /* Sources */,
				A22439D421D427F8009F26B3 /* Frameworks */,
				A22439D521D427F8009F26B3 /* Resources */,
			);
			buildRules = (
			);
			dependencies = (
				A22439D921D427F8009F26B3 /* PBXTargetDependency */,
			);
			name = SetTests;
			productName = SetTests;
			productReference = A22439D721D427F8009F26B3 /* SetTests.xctest */;
			productType = "com.apple.product-type.bundle.unit-test";
		};
		A22439E121D427F8009F26B3 /* SetUITests */ = {
			isa = PBXNativeTarget;
			buildConfigurationList = A22439F121D427F9009F26B3 /* Build configuration list for PBXNativeTarget "SetUITests" */;
			buildPhases = (
				A22439DE21D427F8009F26B3 /* Sources */,
				A22439DF21D427F8009F26B3 /* Frameworks */,
				A22439E021D427F8009F26B3 /* Resources */,
			);
			buildRules = (
			);
			dependencies = (
				A22439E421D427F9009F26B3 /* PBXTargetDependency */,
			);
			name = SetUITests;
			productName = SetUITests;
			productReference = A22439E221D427F9009F26B3 /* SetUITests.xctest */;
			productType = "com.apple.product-type.bundle.ui-testing";
		};
/* End PBXNativeTarget section */

/* Begin PBXProject section */
		A22439BB21D427F7009F26B3 /* Project object */ = {
			isa = PBXProject;
			attributes = {
				LastSwiftUpdateCheck = 1010;
				LastUpgradeCheck = 1010;
				ORGANIZATIONNAME = "Darko Mijatovic";
				TargetAttributes = {
					A22439C221D427F7009F26B3 = {
						CreatedOnToolsVersion = 10.1;
					};
					A22439D621D427F8009F26B3 = {
						CreatedOnToolsVersion = 10.1;
						TestTargetID = A22439C221D427F7009F26B3;
					};
					A22439E121D427F8009F26B3 = {
						CreatedOnToolsVersion = 10.1;
						TestTargetID = A22439C221D427F7009F26B3;
					};
				};
			};
			buildConfigurationList = A22439BE21D427F7009F26B3 /* Build configuration list for PBXProject "Set" */;
			compatibilityVersion = "Xcode 9.3";
			developmentRegion = en;
			hasScannedForEncodings = 0;
			knownRegions = (
				en,
				Base,
			);
			mainGroup = A22439BA21D427F7009F26B3;
			productRefGroup = A22439C421D427F7009F26B3 /* Products */;
			projectDirPath = "";
			projectRoot = "";
			targets = (
				A22439C221D427F7009F26B3 /* Set */,
				A22439D621D427F8009F26B3 /* SetTests */,
				A22439E121D427F8009F26B3 /* SetUITests */,
			);
		};
/* End PBXProject section */

/* Begin PBXResourcesBuildPhase section */
		A22439C121D427F7009F26B3 /* Resources */ = {
			isa = PBXResourcesBuildPhase;
			buildActionMask = 2147483647;
			files = (
				A22439D121D427F8009F26B3 /* LaunchScreen.storyboard in Resources */,
				A22439CE21D427F8009F26B3 /* Assets.xcassets in Resources */,
				A22439CC21D427F7009F26B3 /* Main.storyboard in Resources */,
			);
			runOnlyForDeploymentPostprocessing = 0;
		};
		A22439D521D427F8009F26B3 /* Resources */ = {
			isa = PBXResourcesBuildPhase;
			buildActionMask = 2147483647;
			files = (
			);
			runOnlyForDeploymentPostprocessing = 0;
		};
		A22439E021D427F8009F26B3 /* Resources */ = {
			isa = PBXResourcesBuildPhase;
			buildActionMask = 2147483647;
			files = (
			);
			runOnlyForDeploymentPostprocessing = 0;
		};
/* End PBXResourcesBuildPhase section */

/* Begin PBXSourcesBuildPhase section */
		A22439BF21D427F7009F26B3 /* Sources */ = {
			isa = PBXSourcesBuildPhase;
			buildActionMask = 2147483647;
			files = (
				A22439C921D427F7009F26B3 /* ViewController.swift in Sources */,
				A22439C721D427F7009F26B3 /* AppDelegate.swift in Sources */,
				A22439F521D4433E009F26B3 /* Set.swift in Sources */,
				A22439F721D46F03009F26B3 /* Card.swift in Sources */,
			);
			runOnlyForDeploymentPostprocessing = 0;
		};
		A22439D321D427F8009F26B3 /* Sources */ = {
			isa = PBXSourcesBuildPhase;
			buildActionMask = 2147483647;
			files = (
				A22439DC21D427F8009F26B3 /* SetTests.swift in Sources */,
			);
			runOnlyForDeploymentPostprocessing = 0;
		};
		A22439DE21D427F8009F26B3 /* Sources */ = {
			isa = PBXSourcesBuildPhase;
			buildActionMask = 2147483647;
			files = (
				A22439E721D427F9009F26B3 /* SetUITests.swift in Sources */,
			);
			runOnlyForDeploymentPostprocessing = 0;
		};
/* End PBXSourcesBuildPhase section */

/* Begin PBXTargetDependency section */
		A22439D921D427F8009F26B3 /* PBXTargetDependency */ = {
			isa = PBXTargetDependency;
			target = A22439C221D427F7009F26B3 /* Set */;
			targetProxy = A22439D821D427F8009F26B3 /* PBXContainerItemProxy */;
		};
		A22439E421D427F9009F26B3 /* PBXTargetDependency */ = {
			isa = PBXTargetDependency;
			target = A22439C221D427F7009F26B3 /* Set */;
			targetProxy = A22439E321D427F9009F26B3 /* PBXContainerItemProxy */;
		};
/* End PBXTargetDependency section */

/* Begin PBXVariantGroup section */
		A22439CA21D427F7009F26B3 /* Main.storyboard */ = {
			isa = PBXVariantGroup;
			children = (
				A22439CB21D427F7009F26B3 /* Base */,
			);
			name = Main.storyboard;
			sourceTree = "<group>";
		};
		A22439CF21D427F8009F26B3 /* LaunchScreen.storyboard */ = {
			isa = PBXVariantGroup;
			children = (
				A22439D021D427F8009F26B3 /* Base */,
			);
			name = LaunchScreen.storyboard;
			sourceTree = "<group>";
		};
/* End PBXVariantGroup section */

/* Begin XCBuildConfiguration section */
		A22439E921D427F9009F26B3 /* Debug */ = {
			isa = XCBuildConfiguration;
			buildSettings = {
				ALWAYS_SEARCH_USER_PATHS = NO;
				CLANG_ANALYZER_NONNULL = YES;
				CLANG_ANALYZER_NUMBER_OBJECT_CONVERSION = YES_AGGRESSIVE;
				CLANG_CXX_LANGUAGE_STANDARD = "gnu++14";
				CLANG_CXX_LIBRARY = "libc++";
				CLANG_ENABLE_MODULES = YES;
				CLANG_ENABLE_OBJC_ARC = YES;
				CLANG_ENABLE_OBJC_WEAK = YES;
				CLANG_WARN_BLOCK_CAPTURE_AUTORELEASING = YES;
				CLANG_WARN_BOOL_CONVERSION = YES;
				CLANG_WARN_COMMA = YES;
				CLANG_WARN_CONSTANT_CONVERSION = YES;
				CLANG_WARN_DEPRECATED_OBJC_IMPLEMENTATIONS = YES;
				CLANG_WARN_DIRECT_OBJC_ISA_USAGE = YES_ERROR;
				CLANG_WARN_DOCUMENTATION_COMMENTS = YES;
				CLANG_WARN_EMPTY_BODY = YES;
				CLANG_WARN_ENUM_CONVERSION = YES;
				CLANG_WARN_INFINITE_RECURSION = YES;
				CLANG_WARN_INT_CONVERSION = YES;
				CLANG_WARN_NON_LITERAL_NULL_CONVERSION = YES;
				CLANG_WARN_OBJC_IMPLICIT_RETAIN_SELF = YES;
				CLANG_WARN_OBJC_LITERAL_CONVERSION = YES;
				CLANG_WARN_OBJC_ROOT_CLASS = YES_ERROR;
				CLANG_WARN_RANGE_LOOP_ANALYSIS = YES;
				CLANG_WARN_STRICT_PROTOTYPES = YES;
				CLANG_WARN_SUSPICIOUS_MOVE = YES;
				CLANG_WARN_UNGUARDED_AVAILABILITY = YES_AGGRESSIVE;
				CLANG_WARN_UNREACHABLE_CODE = YES;
				CLANG_WARN__DUPLICATE_METHOD_MATCH = YES;
				CODE_SIGN_IDENTITY = "iPhone Developer";
				COPY_PHASE_STRIP = NO;
				DEBUG_INFORMATION_FORMAT = dwarf;
				ENABLE_STRICT_OBJC_MSGSEND = YES;
				ENABLE_TESTABILITY = YES;
				GCC_C_LANGUAGE_STANDARD = gnu11;
				GCC_DYNAMIC_NO_PIC = NO;
				GCC_NO_COMMON_BLOCKS = YES;
				GCC_OPTIMIZATION_LEVEL = 0;
				GCC_PREPROCESSOR_DEFINITIONS = (
					"DEBUG=1",
					"$(inherited)",
				);
				GCC_WARN_64_TO_32_BIT_CONVERSION = YES;
				GCC_WARN_ABOUT_RETURN_TYPE = YES_ERROR;
				GCC_WARN_UNDECLARED_SELECTOR = YES;
				GCC_WARN_UNINITIALIZED_AUTOS = YES_AGGRESSIVE;
				GCC_WARN_UNUSED_FUNCTION = YES;
				GCC_WARN_UNUSED_VARIABLE = YES;
				IPHONEOS_DEPLOYMENT_TARGET = 12.1;
				MTL_ENABLE_DEBUG_INFO = INCLUDE_SOURCE;
				MTL_FAST_MATH = YES;
				ONLY_ACTIVE_ARCH = YES;
				SDKROOT = iphoneos;
				SWIFT_ACTIVE_COMPILATION_CONDITIONS = DEBUG;
				SWIFT_OPTIMIZATION_LEVEL = "-Onone";
			};
			name = Debug;
		};
		A22439EA21D427F9009F26B3 /* Release */ = {
			isa = XCBuildConfiguration;
			buildSettings = {
				ALWAYS_SEARCH_USER_PATHS = NO;
				CLANG_ANALYZER_NONNULL = YES;
				CLANG_ANALYZER_NUMBER_OBJECT_CONVERSION = YES_AGGRESSIVE;
				CLANG_CXX_LANGUAGE_STANDARD = "gnu++14";
				CLANG_CXX_LIBRARY = "libc++";
				CLANG_ENABLE_MODULES = YES;
				CLANG_ENABLE_OBJC_ARC = YES;
				CLANG_ENABLE_OBJC_WEAK = YES;
				CLANG_WARN_BLOCK_CAPTURE_AUTORELEASING = YES;
				CLANG_WARN_BOOL_CONVERSION = YES;
				CLANG_WARN_COMMA = YES;
				CLANG_WARN_CONSTANT_CONVERSION = YES;
				CLANG_WARN_DEPRECATED_OBJC_IMPLEMENTATIONS = YES;
				CLANG_WARN_DIRECT_OBJC_ISA_USAGE = YES_ERROR;
				CLANG_WARN_DOCUMENTATION_COMMENTS = YES;
				CLANG_WARN_EMPTY_BODY = YES;
				CLANG_WARN_ENUM_CONVERSION = YES;
				CLANG_WARN_INFINITE_RECURSION = YES;
				CLANG_WARN_INT_CONVERSION = YES;
				CLANG_WARN_NON_LITERAL_NULL_CONVERSION = YES;
				CLANG_WARN_OBJC_IMPLICIT_RETAIN_SELF = YES;
				CLANG_WARN_OBJC_LITERAL_CONVERSION = YES;
				CLANG_WARN_OBJC_ROOT_CLASS = YES_ERROR;
				CLANG_WARN_RANGE_LOOP_ANALYSIS = YES;
				CLANG_WARN_STRICT_PROTOTYPES = YES;
				CLANG_WARN_SUSPICIOUS_MOVE = YES;
				CLANG_WARN_UNGUARDED_AVAILABILITY = YES_AGGRESSIVE;
				CLANG_WARN_UNREACHABLE_CODE = YES;
				CLANG_WARN__DUPLICATE_METHOD_MATCH = YES;
				CODE_SIGN_IDENTITY = "iPhone Developer";
				COPY_PHASE_STRIP = NO;
				DEBUG_INFORMATION_FORMAT = "dwarf-with-dsym";
				ENABLE_NS_ASSERTIONS = NO;
				ENABLE_STRICT_OBJC_MSGSEND = YES;
				GCC_C_LANGUAGE_STANDARD = gnu11;
				GCC_NO_COMMON_BLOCKS = YES;
				GCC_WARN_64_TO_32_BIT_CONVERSION = YES;
				GCC_WARN_ABOUT_RETURN_TYPE = YES_ERROR;
				GCC_WARN_UNDECLARED_SELECTOR = YES;
				GCC_WARN_UNINITIALIZED_AUTOS = YES_AGGRESSIVE;
				GCC_WARN_UNUSED_FUNCTION = YES;
				GCC_WARN_UNUSED_VARIABLE = YES;
				IPHONEOS_DEPLOYMENT_TARGET = 12.1;
				MTL_ENABLE_DEBUG_INFO = NO;
				MTL_FAST_MATH = YES;
				SDKROOT = iphoneos;
				SWIFT_COMPILATION_MODE = wholemodule;
				SWIFT_OPTIMIZATION_LEVEL = "-O";
				VALIDATE_PRODUCT = YES;
			};
			name = Release;
		};
		A22439EC21D427F9009F26B3 /* Debug */ = {
			isa = XCBuildConfiguration;
			buildSettings = {
				ASSETCATALOG_COMPILER_APPICON_NAME = AppIcon;
				CODE_SIGN_STYLE = Automatic;
				INFOPLIST_FILE = Set/Info.plist;
				LD_RUNPATH_SEARCH_PATHS = (
					"$(inherited)",
					"@executable_path/Frameworks",
				);
				PRODUCT_BUNDLE_IDENTIFIER = com.bignerdranch.Set;
				PRODUCT_NAME = "$(TARGET_NAME)";
				SWIFT_VERSION = 4.2;
				TARGETED_DEVICE_FAMILY = "1,2";
			};
			name = Debug;
		};
		A22439ED21D427F9009F26B3 /* Release */ = {
			isa = XCBuildConfiguration;
			buildSettings = {
				ASSETCATALOG_COMPILER_APPICON_NAME = AppIcon;
				CODE_SIGN_STYLE = Automatic;
				INFOPLIST_FILE = Set/Info.plist;
				LD_RUNPATH_SEARCH_PATHS = (
					"$(inherited)",
					"@executable_path/Frameworks",
				);
				PRODUCT_BUNDLE_IDENTIFIER = com.bignerdranch.Set;
				PRODUCT_NAME = "$(TARGET_NAME)";
				SWIFT_VERSION = 4.2;
				TARGETED_DEVICE_FAMILY = "1,2";
			};
			name = Release;
		};
		A22439EF21D427F9009F26B3 /* Debug */ = {
			isa = XCBuildConfiguration;
			buildSettings = {
				ALWAYS_EMBED_SWIFT_STANDARD_LIBRARIES = YES;
				BUNDLE_LOADER = "$(TEST_HOST)";
				CODE_SIGN_STYLE = Automatic;
				INFOPLIST_FILE = SetTests/Info.plist;
				LD_RUNPATH_SEARCH_PATHS = (
					"$(inherited)",
					"@executable_path/Frameworks",
					"@loader_path/Frameworks",
				);
				PRODUCT_BUNDLE_IDENTIFIER = com.bignerdranch.SetTests;
				PRODUCT_NAME = "$(TARGET_NAME)";
				SWIFT_VERSION = 4.2;
				TARGETED_DEVICE_FAMILY = "1,2";
				TEST_HOST = "$(BUILT_PRODUCTS_DIR)/Set.app/Set";
			};
			name = Debug;
		};
		A22439F021D427F9009F26B3 /* Release */ = {
			isa = XCBuildConfiguration;
			buildSettings = {
				ALWAYS_EMBED_SWIFT_STANDARD_LIBRARIES = YES;
				BUNDLE_LOADER = "$(TEST_HOST)";
				CODE_SIGN_STYLE = Automatic;
				INFOPLIST_FILE = SetTests/Info.plist;
				LD_RUNPATH_SEARCH_PATHS = (
					"$(inherited)",
					"@executable_path/Frameworks",
					"@loader_path/Frameworks",
				);
				PRODUCT_BUNDLE_IDENTIFIER = com.bignerdranch.SetTests;
				PRODUCT_NAME = "$(TARGET_NAME)";
				SWIFT_VERSION = 4.2;
				TARGETED_DEVICE_FAMILY = "1,2";
				TEST_HOST = "$(BUILT_PRODUCTS_DIR)/Set.app/Set";
			};
			name = Release;
		};
		A22439F221D427F9009F26B3 /* Debug */ = {
			isa = XCBuildConfiguration;
			buildSettings = {
				ALWAYS_EMBED_SWIFT_STANDARD_LIBRARIES = YES;
				CODE_SIGN_STYLE = Automatic;
				INFOPLIST_FILE = SetUITests/Info.plist;
				LD_RUNPATH_SEARCH_PATHS = (
					"$(inherited)",
					"@executable_path/Frameworks",
					"@loader_path/Frameworks",
				);
				PRODUCT_BUNDLE_IDENTIFIER = com.bignerdranch.SetUITests;
				PRODUCT_NAME = "$(TARGET_NAME)";
				SWIFT_VERSION = 4.2;
				TARGETED_DEVICE_FAMILY = "1,2";
				TEST_TARGET_NAME = Set;
			};
			name = Debug;
		};
		A22439F321D427F9009F26B3 /* Release */ = {
			isa = XCBuildConfiguration;
			buildSettings = {
				ALWAYS_EMBED_SWIFT_STANDARD_LIBRARIES = YES;
				CODE_SIGN_STYLE = Automatic;
				INFOPLIST_FILE = SetUITests/Info.plist;
				LD_RUNPATH_SEARCH_PATHS = (
					"$(inherited)",
					"@executable_path/Frameworks",
					"@loader_path/Frameworks",
				);
				PRODUCT_BUNDLE_IDENTIFIER = com.bignerdranch.SetUITests;
				PRODUCT_NAME = "$(TARGET_NAME)";
				SWIFT_VERSION = 4.2;
				TARGETED_DEVICE_FAMILY = "1,2";
				TEST_TARGET_NAME = Set;
			};
			name = Release;
		};
/* End XCBuildConfiguration section */

/* Begin XCConfigurationList section */
		A22439BE21D427F7009F26B3 /* Build configuration list for PBXProject "Set" */ = {
			isa = XCConfigurationList;
			buildConfigurations = (
				A22439E921D427F9009F26B3 /* Debug */,
				A22439EA21D427F9009F26B3 /* Release */,
			);
			defaultConfigurationIsVisible = 0;
			defaultConfigurationName = Release;
		};
		A22439EB21D427F9009F26B3 /* Build configuration list for PBXNativeTarget "Set" */ = {
			isa = XCConfigurationList;
			buildConfigurations = (
				A22439EC21D427F9009F26B3 /* Debug */,
				A22439ED21D427F9009F26B3 /* Release */,
			);
			defaultConfigurationIsVisible = 0;
			defaultConfigurationName = Release;
		};
		A22439EE21D427F9009F26B3 /* Build configuration list for PBXNativeTarget "SetTests" */ = {
			isa = XCConfigurationList;
			buildConfigurations = (
				A22439EF21D427F9009F26B3 /* Debug */,
				A22439F021D427F9009F26B3 /* Release */,
			);
			defaultConfigurationIsVisible = 0;
			defaultConfigurationName = Release;
		};
		A22439F121D427F9009F26B3 /* Build configuration list for PBXNativeTarget "SetUITests" */ = {
			isa = XCConfigurationList;
			buildConfigurations = (
				A22439F221D427F9009F26B3 /* Debug */,
				A22439F321D427F9009F26B3 /* Release */,
			);
			defaultConfigurationIsVisible = 0;
			defaultConfigurationName = Release;
		};
/* End XCConfigurationList section */
	};
	rootObject = A22439BB21D427F7009F26B3 /* Project object */;
}
